{
    "_readme": [
        "This file locks the dependencies of your project to a known state",
        "Read more about it at https://getcomposer.org/doc/01-basic-usage.md#installing-dependencies",
        "This file is @generated automatically"
    ],
    "content-hash": "e2399a1d04d88565bed24558e6213948",
    "packages": [
        {
            "name": "fakerphp/faker",
            "version": "v1.24.1",
            "source": {
                "type": "git",
                "url": "https://github.com/FakerPHP/Faker.git",
                "reference": "e0ee18eb1e6dc3cda3ce9fd97e5a0689a88a64b5"
            },
            "dist": {
                "type": "zip",
                "url": "https://api.github.com/repos/FakerPHP/Faker/zipball/e0ee18eb1e6dc3cda3ce9fd97e5a0689a88a64b5",
                "reference": "e0ee18eb1e6dc3cda3ce9fd97e5a0689a88a64b5",
                "shasum": ""
            },
            "require": {
                "php": "^7.4 || ^8.0",
                "psr/container": "^1.0 || ^2.0",
                "symfony/deprecation-contracts": "^2.2 || ^3.0"
            },
            "conflict": {
                "fzaninotto/faker": "*"
            },
            "require-dev": {
                "bamarni/composer-bin-plugin": "^1.4.1",
                "doctrine/persistence": "^1.3 || ^2.0",
                "ext-intl": "*",
                "phpunit/phpunit": "^9.5.26",
                "symfony/phpunit-bridge": "^5.4.16"
            },
            "suggest": {
                "doctrine/orm": "Required to use Faker\\ORM\\Doctrine",
                "ext-curl": "Required by Faker\\Provider\\Image to download images.",
                "ext-dom": "Required by Faker\\Provider\\HtmlLorem for generating random HTML.",
                "ext-iconv": "Required by Faker\\Provider\\ru_RU\\Text::realText() for generating real Russian text.",
                "ext-mbstring": "Required for multibyte Unicode string functionality."
            },
            "type": "library",
            "autoload": {
                "psr-4": {
                    "Faker\\": "src/Faker/"
                }
            },
            "notification-url": "https://packagist.org/downloads/",
            "license": [
                "MIT"
            ],
            "authors": [
                {
                    "name": "François Zaninotto"
                }
            ],
            "description": "Faker is a PHP library that generates fake data for you.",
            "keywords": [
                "data",
                "faker",
                "fixtures"
            ],
            "support": {
                "issues": "https://github.com/FakerPHP/Faker/issues",
                "source": "https://github.com/FakerPHP/Faker/tree/v1.24.1"
            },
            "time": "2024-11-21T13:46:39+00:00"
        },
        {
            "name": "phpmailer/phpmailer",
            "version": "v6.10.0",
            "source": {
                "type": "git",
                "url": "https://github.com/PHPMailer/PHPMailer.git",
                "reference": "bf74d75a1fde6beaa34a0ddae2ec5fce0f72a144"
            },
            "dist": {
                "type": "zip",
                "url": "https://api.github.com/repos/PHPMailer/PHPMailer/zipball/bf74d75a1fde6beaa34a0ddae2ec5fce0f72a144",
                "reference": "bf74d75a1fde6beaa34a0ddae2ec5fce0f72a144",
                "shasum": ""
            },
            "require": {
                "ext-ctype": "*",
                "ext-filter": "*",
                "ext-hash": "*",
                "php": ">=5.5.0"
            },
            "require-dev": {
                "dealerdirect/phpcodesniffer-composer-installer": "^1.0",
                "doctrine/annotations": "^1.2.6 || ^1.13.3",
                "php-parallel-lint/php-console-highlighter": "^1.0.0",
                "php-parallel-lint/php-parallel-lint": "^1.3.2",
                "phpcompatibility/php-compatibility": "^9.3.5",
                "roave/security-advisories": "dev-latest",
                "squizlabs/php_codesniffer": "^3.7.2",
                "yoast/phpunit-polyfills": "^1.0.4"
            },
            "suggest": {
                "decomplexity/SendOauth2": "Adapter for using XOAUTH2 authentication",
                "ext-mbstring": "Needed to send email in multibyte encoding charset or decode encoded addresses",
                "ext-openssl": "Needed for secure SMTP sending and DKIM signing",
                "greew/oauth2-azure-provider": "Needed for Microsoft Azure XOAUTH2 authentication",
                "hayageek/oauth2-yahoo": "Needed for Yahoo XOAUTH2 authentication",
                "league/oauth2-google": "Needed for Google XOAUTH2 authentication",
                "psr/log": "For optional PSR-3 debug logging",
                "symfony/polyfill-mbstring": "To support UTF-8 if the Mbstring PHP extension is not enabled (^1.2)",
                "thenetworg/oauth2-azure": "Needed for Microsoft XOAUTH2 authentication"
            },
            "type": "library",
            "autoload": {
                "psr-4": {
                    "PHPMailer\\PHPMailer\\": "src/"
                }
            },
            "notification-url": "https://packagist.org/downloads/",
            "license": [
                "LGPL-2.1-only"
            ],
            "authors": [
                {
                    "name": "Marcus Bointon",
                    "email": "phpmailer@synchromedia.co.uk"
                },
                {
                    "name": "Jim Jagielski",
                    "email": "jimjag@gmail.com"
                },
                {
                    "name": "Andy Prevost",
                    "email": "codeworxtech@users.sourceforge.net"
                },
                {
                    "name": "Brent R. Matzelle"
                }
            ],
            "description": "PHPMailer is a full-featured email creation and transfer class for PHP",
            "support": {
                "issues": "https://github.com/PHPMailer/PHPMailer/issues",
                "source": "https://github.com/PHPMailer/PHPMailer/tree/v6.10.0"
            },
            "funding": [
                {
                    "url": "https://github.com/Synchro",
                    "type": "github"
                }
            ],
            "time": "2025-04-24T15:19:31+00:00"
        },
        {
            "name": "psr/container",
            "version": "2.0.2",
            "source": {
                "type": "git",
                "url": "https://github.com/php-fig/container.git",
                "reference": "c71ecc56dfe541dbd90c5360474fbc405f8d5963"
            },
            "dist": {
                "type": "zip",
                "url": "https://api.github.com/repos/php-fig/container/zipball/c71ecc56dfe541dbd90c5360474fbc405f8d5963",
                "reference": "c71ecc56dfe541dbd90c5360474fbc405f8d5963",
                "shasum": ""
            },
            "require": {
                "php": ">=7.4.0"
            },
            "type": "library",
            "extra": {
                "branch-alias": {
                    "dev-master": "2.0.x-dev"
                }
            },
            "autoload": {
                "psr-4": {
                    "Psr\\Container\\": "src/"
                }
            },
            "notification-url": "https://packagist.org/downloads/",
            "license": [
                "MIT"
            ],
            "authors": [
                {
                    "name": "PHP-FIG",
                    "homepage": "https://www.php-fig.org/"
                }
            ],
            "description": "Common Container Interface (PHP FIG PSR-11)",
            "homepage": "https://github.com/php-fig/container",
            "keywords": [
                "PSR-11",
                "container",
                "container-interface",
                "container-interop",
                "psr"
            ],
            "support": {
                "issues": "https://github.com/php-fig/container/issues",
                "source": "https://github.com/php-fig/container/tree/2.0.2"
            },
            "time": "2021-11-05T16:47:00+00:00"
        },
        {
            "name": "symfony/deprecation-contracts",
            "version": "v3.6.0",
            "source": {
                "type": "git",
                "url": "https://github.com/symfony/deprecation-contracts.git",
                "reference": "63afe740e99a13ba87ec199bb07bbdee937a5b62"
            },
            "dist": {
                "type": "zip",
                "url": "https://api.github.com/repos/symfony/deprecation-contracts/zipball/63afe740e99a13ba87ec199bb07bbdee937a5b62",
                "reference": "63afe740e99a13ba87ec199bb07bbdee937a5b62",
                "shasum": ""
            },
            "require": {
                "php": ">=8.1"
            },
            "type": "library",
            "extra": {
                "thanks": {
                    "url": "https://github.com/symfony/contracts",
                    "name": "symfony/contracts"
                },
                "branch-alias": {
                    "dev-main": "3.6-dev"
                }
            },
            "autoload": {
                "files": [
                    "function.php"
                ]
            },
            "notification-url": "https://packagist.org/downloads/",
            "license": [
                "MIT"
            ],
            "authors": [
                {
                    "name": "Nicolas Grekas",
                    "email": "p@tchwork.com"
                },
                {
                    "name": "Symfony Community",
                    "homepage": "https://symfony.com/contributors"
                }
            ],
            "description": "A generic function and convention to trigger deprecation notices",
            "homepage": "https://symfony.com",
            "support": {
                "source": "https://github.com/symfony/deprecation-contracts/tree/v3.6.0"
            },
            "funding": [
                {
                    "url": "https://symfony.com/sponsor",
                    "type": "custom"
                },
                {
                    "url": "https://github.com/fabpot",
                    "type": "github"
                },
                {
                    "url": "https://tidelift.com/funding/github/packagist/symfony/symfony",
                    "type": "tidelift"
                }
            ],
            "time": "2024-09-25T14:21:43+00:00"
        }
    ],
    "packages-dev": [
        {
            "name": "maximebf/debugbar",
            "version": "v2.2.4",
            "source": {
                "type": "git",
                "url": "https://github.com/php-debugbar/php-debugbar.git",
                "reference": "3146d04671f51f69ffec2a4207ac3bdcf13a9f35"
            },
            "dist": {
                "type": "zip",
                "url": "https://api.github.com/repos/php-debugbar/php-debugbar/zipball/3146d04671f51f69ffec2a4207ac3bdcf13a9f35",
                "reference": "3146d04671f51f69ffec2a4207ac3bdcf13a9f35",
                "shasum": ""
            },
            "require": {
                "php": "^8",
                "psr/log": "^1|^2|^3",
                "symfony/var-dumper": "^4|^5|^6|^7"
            },
            "require-dev": {
                "dbrekelmans/bdi": "^1",
                "phpunit/phpunit": "^8|^9",
                "symfony/panther": "^1|^2.1",
                "twig/twig": "^1.38|^2.7|^3.0"
            },
            "suggest": {
                "kriswallsmith/assetic": "The best way to manage assets",
                "monolog/monolog": "Log using Monolog",
                "predis/predis": "Redis storage"
            },
            "type": "library",
            "extra": {
                "branch-alias": {
                    "dev-master": "2.1-dev"
                }
            },
            "autoload": {
                "psr-4": {
                    "DebugBar\\": "src/DebugBar/"
                }
            },
            "notification-url": "https://packagist.org/downloads/",
            "license": [
                "MIT"
            ],
            "authors": [
                {
                    "name": "Maxime Bouroumeau-Fuseau",
                    "email": "maxime.bouroumeau@gmail.com",
                    "homepage": "http://maximebf.com"
                },
                {
                    "name": "Barry vd. Heuvel",
                    "email": "barryvdh@gmail.com"
                }
            ],
            "description": "Debug bar in the browser for php application",
            "homepage": "https://github.com/php-debugbar/php-debugbar",
            "keywords": [
                "debug",
                "debug bar",
                "debugbar",
                "dev"
            ],
            "support": {
                "issues": "https://github.com/php-debugbar/php-debugbar/issues",
                "source": "https://github.com/php-debugbar/php-debugbar/tree/v2.2.4"
            },
            "abandoned": "php-debugbar/php-debugbar",
            "time": "2025-07-22T14:01:30+00:00"
        },
        {
            "name": "psr/log",
            "version": "3.0.2",
            "source": {
                "type": "git",
                "url": "https://github.com/php-fig/log.git",
                "reference": "f16e1d5863e37f8d8c2a01719f5b34baa2b714d3"
            },
            "dist": {
                "type": "zip",
                "url": "https://api.github.com/repos/php-fig/log/zipball/f16e1d5863e37f8d8c2a01719f5b34baa2b714d3",
                "reference": "f16e1d5863e37f8d8c2a01719f5b34baa2b714d3",
                "shasum": ""
            },
            "require": {
                "php": ">=8.0.0"
            },
            "type": "library",
            "extra": {
                "branch-alias": {
                    "dev-master": "3.x-dev"
                }
            },
            "autoload": {
                "psr-4": {
                    "Psr\\Log\\": "src"
                }
            },
            "notification-url": "https://packagist.org/downloads/",
            "license": [
                "MIT"
            ],
            "authors": [
                {
                    "name": "PHP-FIG",
                    "homepage": "https://www.php-fig.org/"
                }
            ],
            "description": "Common interface for logging libraries",
            "homepage": "https://github.com/php-fig/log",
            "keywords": [
                "log",
                "psr",
                "psr-3"
            ],
            "support": {
                "source": "https://github.com/php-fig/log/tree/3.0.2"
            },
            "time": "2024-09-11T13:17:53+00:00"
        },
        {
            "name": "symfony/polyfill-mbstring",
            "version": "v1.33.0",
            "source": {
                "type": "git",
                "url": "https://github.com/symfony/polyfill-mbstring.git",
                "reference": "6d857f4d76bd4b343eac26d6b539585d2bc56493"
            },
            "dist": {
                "type": "zip",
                "url": "https://api.github.com/repos/symfony/polyfill-mbstring/zipball/6d857f4d76bd4b343eac26d6b539585d2bc56493",
                "reference": "6d857f4d76bd4b343eac26d6b539585d2bc56493",
                "shasum": ""
            },
            "require": {
                "ext-iconv": "*",
                "php": ">=7.2"
            },
            "provide": {
                "ext-mbstring": "*"
            },
            "suggest": {
                "ext-mbstring": "For best performance"
            },
            "type": "library",
            "extra": {
                "thanks": {
                    "url": "https://github.com/symfony/polyfill",
                    "name": "symfony/polyfill"
                }
            },
            "autoload": {
                "files": [
                    "bootstrap.php"
                ],
                "psr-4": {
                    "Symfony\\Polyfill\\Mbstring\\": ""
                }
            },
            "notification-url": "https://packagist.org/downloads/",
            "license": [
                "MIT"
            ],
            "authors": [
                {
                    "name": "Nicolas Grekas",
                    "email": "p@tchwork.com"
                },
                {
                    "name": "Symfony Community",
                    "homepage": "https://symfony.com/contributors"
                }
            ],
            "description": "Symfony polyfill for the Mbstring extension",
            "homepage": "https://symfony.com",
            "keywords": [
                "compatibility",
                "mbstring",
                "polyfill",
                "portable",
                "shim"
            ],
            "support": {
                "source": "https://github.com/symfony/polyfill-mbstring/tree/v1.33.0"
            },
            "funding": [
                {
                    "url": "https://symfony.com/sponsor",
                    "type": "custom"
                },
                {
                    "url": "https://github.com/fabpot",
                    "type": "github"
                },
                {
                    "url": "https://github.com/nicolas-grekas",
                    "type": "github"
                },
                {
                    "url": "https://tidelift.com/funding/github/packagist/symfony/symfony",
                    "type": "tidelift"
                }
            ],
            "time": "2024-12-23T08:48:59+00:00"
        },
        {
            "name": "symfony/var-dumper",
            "version": "v7.3.2",
            "source": {
                "type": "git",
                "url": "https://github.com/symfony/var-dumper.git",
                "reference": "53205bea27450dc5c65377518b3275e126d45e75"
            },
            "dist": {
                "type": "zip",
                "url": "https://api.github.com/repos/symfony/var-dumper/zipball/53205bea27450dc5c65377518b3275e126d45e75",
                "reference": "53205bea27450dc5c65377518b3275e126d45e75",
                "shasum": ""
            },
            "require": {
                "php": ">=8.2",
                "symfony/deprecation-contracts": "^2.5|^3",
                "symfony/polyfill-mbstring": "~1.0"
            },
            "conflict": {
                "symfony/console": "<6.4"
            },
            "require-dev": {
                "symfony/console": "^6.4|^7.0",
                "symfony/http-kernel": "^6.4|^7.0",
                "symfony/process": "^6.4|^7.0",
                "symfony/uid": "^6.4|^7.0",
                "twig/twig": "^3.12"
            },
            "bin": [
                "Resources/bin/var-dump-server"
            ],
            "type": "library",
            "autoload": {
                "files": [
                    "Resources/functions/dump.php"
                ],
                "psr-4": {
                    "Symfony\\Component\\VarDumper\\": ""
                },
                "exclude-from-classmap": [
                    "/Tests/"
                ]
            },
            "notification-url": "https://packagist.org/downloads/",
            "license": [
                "MIT"
            ],
            "authors": [
                {
                    "name": "Nicolas Grekas",
                    "email": "p@tchwork.com"
                },
                {
                    "name": "Symfony Community",
                    "homepage": "https://symfony.com/contributors"
                }
            ],
            "description": "Provides mechanisms for walking through any arbitrary PHP variable",
            "homepage": "https://symfony.com",
            "keywords": [
                "debug",
                "dump"
            ],
            "support": {
                "source": "https://github.com/symfony/var-dumper/tree/v7.3.2"
            },
            "funding": [
                {
                    "url": "https://symfony.com/sponsor",
                    "type": "custom"
                },
                {
                    "url": "https://github.com/fabpot",
                    "type": "github"
                },
                {
                    "url": "https://github.com/nicolas-grekas",
                    "type": "github"
                },
                {
                    "url": "https://tidelift.com/funding/github/packagist/symfony/symfony",
                    "type": "tidelift"
                }
            ],
            "time": "2025-07-29T20:02:46+00:00"
        }
    ],
    "aliases": [],
    "minimum-stability": "stable",
    "stability-flags": {},
    "prefer-stable": false,
    "prefer-lowest": false,
    "platform": {
        "php": ">=8.1"
    },
    "platform-dev": {},
    "plugin-api-version": "2.6.0"
}
